// !$*UTF8*$!
{
	archiveVersion = 1;
	classes = {
	};
	objectVersion = 46;
	objects = {

/* Begin PBXBuildFile section */
		5B656F581D1A828F005DC5A2 /* AppDelegate.swift in Sources */ = {isa = PBXBuildFile; fileRef = 5B656F571D1A828F005DC5A2 /* AppDelegate.swift */; };
		5B656F5A1D1A828F005DC5A2 /* ViewController.swift in Sources */ = {isa = PBXBuildFile; fileRef = 5B656F591D1A828F005DC5A2 /* ViewController.swift */; };
		5B656F5D1D1A828F005DC5A2 /* Main.storyboard in Resources */ = {isa = PBXBuildFile; fileRef = 5B656F5B1D1A828F005DC5A2 /* Main.storyboard */; };
		5B656F5F1D1A828F005DC5A2 /* Assets.xcassets in Resources */ = {isa = PBXBuildFile; fileRef = 5B656F5E1D1A828F005DC5A2 /* Assets.xcassets */; };
		5B656F621D1A828F005DC5A2 /* LaunchScreen.storyboard in Resources */ = {isa = PBXBuildFile; fileRef = 5B656F601D1A828F005DC5A2 /* LaunchScreen.storyboard */; };
		5BC43F661D1ABF1900E3BF3B /* NextViewController.swift in Sources */ = {isa = PBXBuildFile; fileRef = 5BC43F651D1ABF1900E3BF3B /* NextViewController.swift */; };
/* End PBXBuildFile section */

/* Begin PBXFileReference section */
		5B656F541D1A828F005DC5A2 /* ForceTouchSample.app */ = {isa = PBXFileReference; explicitFileType = wrapper.application; includeInIndex = 0; path = ForceTouchSample.app; sourceTree = BUILT_PRODUCTS_DIR; };
		5B656F571D1A828F005DC5A2 /* AppDelegate.swift */ = {isa = PBXFileReference; lastKnownFileType = sourcecode.swift; path = AppDelegate.swift; sourceTree = "<group>"; };
		5B656F591D1A828F005DC5A2 /* ViewController.swift */ = {isa = PBXFileReference; lastKnownFileType = sourcecode.swift; path = ViewController.swift; sourceTree = "<group>"; };
		5B656F5C1D1A828F005DC5A2 /* Base */ = {isa = PBXFileReference; lastKnownFileType = file.storyboard; name = Base; path = Base.lproj/Main.storyboard; sourceTree = "<group>"; };
		5B656F5E1D1A828F005DC5A2 /* Assets.xcassets */ = {isa = PBXFileReference; lastKnownFileType = folder.assetcatalog; path = Assets.xcassets; sourceTree = "<group>"; };
		5B656F611D1A828F005DC5A2 /* Base */ = {isa = PBXFileReference; lastKnownFileType = file.storyboard; name = Base; path = Base.lproj/LaunchScreen.storyboard; sourceTree = "<group>"; };
		5B656F631D1A828F005DC5A2 /* Info.plist */ = {isa = PBXFileReference; lastKnownFileType = text.plist.xml; path = Info.plist; sourceTree = "<group>"; };
		5BC43F651D1ABF1900E3BF3B /* NextViewController.swift */ = {isa = PBXFileReference; fileEncoding = 4; lastKnownFileType = sourcecode.swift; path = NextViewController.swift; sourceTree = "<group>"; };
/* End PBXFileReference section */

/* Begin PBXFrameworksBuildPhase section */
		5B656F511D1A828F005DC5A2 /* Frameworks */ = {
			isa = PBXFrameworksBuildPhase;
			buildActionMask = 2147483647;
			files = (
			);
			runOnlyForDeploymentPostprocessing = 0;
		};
/* End PBXFrameworksBuildPhase section */

/* Begin PBXGroup section */
		5B656F4B1D1A828F005DC5A2 = {
			isa = PBXGroup;
			children = (
				5B656F561D1A828F005DC5A2 /* ForceTouchSample */,
				5B656F551D1A828F005DC5A2 /* Products */,
			);
			sourceTree = "<group>";
		};
		5B656F551D1A828F005DC5A2 /* Products */ = {
			isa = PBXGroup;
			children = (
				5B656F541D1A828F005DC5A2 /* ForceTouchSample.app */,
			);
			name = Products;
			sourceTree = "<group>";
		};
		5B656F561D1A828F005DC5A2 /* ForceTouchSample */ = {
			isa = PBXGroup;
			children = (
				5B656F571D1A828F005DC5A2 /* AppDelegate.swift */,
				5B656F591D1A828F005DC5A2 /* ViewController.swift */,
				5BC43F651D1ABF1900E3BF3B /* NextViewController.swift */,
				5B656F5B1D1A828F005DC5A2 /* Main.storyboard */,
				5B656F5E1D1A828F005DC5A2 /* Assets.xcassets */,
				5B656F601D1A828F005DC5A2 /* LaunchScreen.storyboard */,
				5B656F631D1A828F005DC5A2 /* Info.plist */,
			);
			path = ForceTouchSample;
			sourceTree = "<group>";
		};
/* End PBXGroup section */

/* Begin PBXNativeTarget section */
		5B656F531D1A828F005DC5A2 /* ForceTouchSample */ = {
			isa = PBXNativeTarget;
			buildConfigurationList = 5B656F661D1A828F005DC5A2 /* Build configuration list for PBXNativeTarget "ForceTouchSample" */;
			buildPhases = (
				5B656F501D1A828F005DC5A2 /* Sources */,
				5B656F511D1A828F005DC5A2 /* Frameworks */,
				5B656F521D1A828F005DC5A2 /* Resources */,
			);
			buildRules = (
			);
			dependencies = (
			);
			name = ForceTouchSample;
			productName = ForceTouchSample;
			productReference = 5B656F541D1A828F005DC5A2 /* ForceTouchSample.app */;
			productType = "com.apple.product-type.application";
		};
/* End PBXNativeTarget section */

/* Begin PBXProject section */
		5B656F4C1D1A828F005DC5A2 /* Project object */ = {
			isa = PBXProject;
			attributes = {
				LastSwiftUpdateCheck = 0730;
				LastUpgradeCheck = 0730;
				ORGANIZATIONNAME = tchiba;
				TargetAttributes = {
					5B656F531D1A828F005DC5A2 = {
						CreatedOnToolsVersion = 7.3.1;
						DevelopmentTeam = P98QWW6UXS;
					};
				};
			};
			buildConfigurationList = 5B656F4F1D1A828F005DC5A2 /* Build configuration list for PBXProject "ForceTouchSample" */;
			compatibilityVersion = "Xcode 3.2";
			developmentRegion = English;
			hasScannedForEncodings = 0;
			knownRegions = (
				en,
				Base,
			);
			mainGroup = 5B656F4B1D1A828F005DC5A2;
			productRefGroup = 5B656F551D1A828F005DC5A2 /* Products */;
			projectDirPath = "";
			projectRoot = "";
			targets = (
				5B656F531D1A828F005DC5A2 /* ForceTouchSample */,
			);
		};
/* End PBXProject section */

/* Begin PBXResourcesBuildPhase section */
		5B656F521D1A828F005DC5A2 /* Resources */ = {
			isa = PBXResourcesBuildPhase;
			buildActionMask = 2147483647;
			files = (
				5B656F621D1A828F005DC5A2 /* LaunchScreen.storyboard in Resources */,
				5B656F5F1D1A828F005DC5A2 /* Assets.xcassets in Resources */,
				5B656F5D1D1A828F005DC5A2 /* Main.storyboard in Resources */,
			);
			runOnlyForDeploymentPostprocessing = 0;
		};
/* End PBXResourcesBuildPhase section */

/* Begin PBXSourcesBuildPhase section */
		5B656F501D1A828F005DC5A2 /* Sources */ = {
			isa = PBXSourcesBuildPhase;
			buildActionMask = 2147483647;
			files = (
				5B656F5A1D1A828F005DC5A2 /* ViewController.swift in Sources */,
				5BC43F661D1ABF1900E3BF3B /* NextViewController.swift in Sources */,
				5B656F581D1A828F005DC5A2 /* AppDelegate.swift in Sources */,
			);
			runOnlyForDeploymentPostprocessing = 0;
		};
/* End PBXSourcesBuildPhase section */

/* Begin PBXVariantGroup section */
		5B656F5B1D1A828F005DC5A2 /* Main.storyboard */ = {
			isa = PBXVariantGroup;
			children = (
				5B656F5C1D1A828F005DC5A2 /* Base */,
			);
			name = Main.storyboard;
			sourceTree = "<group>";
		};
		5B656F601D1A828F005DC5A2 /* LaunchScreen.storyboard */ = {
			isa = PBXVariantGroup;
			children = (
				5B656F611D1A828F005DC5A2 /* Base */,
			);
			name = LaunchScreen.storyboard;
			sourceTree = "<group>";
		};
/* End PBXVariantGroup section */

/* Begin XCBuildConfiguration section */
		5B656F641D1A828F005DC5A2 /* Debug */ = {
			isa = XCBuildConfiguration;
			buildSettings = {
				ALWAYS_SEARCH_USER_PATHS = NO;
				CLANG_ANALYZER_NONNULL = YES;
				CLANG_CXX_LANGUAGE_STANDARD = "gnu++0x";
				CLANG_CXX_LIBRARY = "libc++";
				CLANG_ENABLE_MODULES = YES;
				CLANG_ENABLE_OBJC_ARC = YES;
				CLANG_WARN_BOOL_CONVERSION = YES;
				CLANG_WARN_CONSTANT_CONVERSION = YES;
				CLANG_WARN_DIRECT_OBJC_ISA_USAGE = YES_ERROR;
				CLANG_WARN_EMPTY_BODY = YES;
				CLANG_WARN_ENUM_CONVERSION = YES;
				CLANG_WARN_INT_CONVERSION = YES;
				CLANG_WARN_OBJC_ROOT_CLASS = YES_ERROR;
				CLANG_WARN_UNREACHABLE_CODE = YES;
				CLANG_WARN__DUPLICATE_METHOD_MATCH = YES;
				"CODE_SIGN_IDENTITY[sdk=iphoneos*]" = "iPhone Developer";
				COPY_PHASE_STRIP = NO;
				DEBUG_INFORMATION_FORMAT = dwarf;
				ENABLE_STRICT_OBJC_MSGSEND = YES;
				ENABLE_TESTABILITY = YES;
				GCC_C_LANGUAGE_STANDARD = gnu99;
				GCC_DYNAMIC_NO_PIC = NO;
				GCC_NO_COMMON_BLOCKS = YES;
				GCC_OPTIMIZATION_LEVEL = 0;
				GCC_PREPROCESSOR_DEFINITIONS = (
					"DEBUG=1",
					"$(inherited)",
				);
				GCC_WARN_64_TO_32_BIT_CONVERSION = YES;
				GCC_WARN_ABOUT_RETURN_TYPE = YES_ERROR;
				GCC_WARN_UNDECLARED_SELECTOR = YES;
				GCC_WARN_UNINITIALIZED_AUTOS = YES_AGGRESSIVE;
				GCC_WARN_UNUSED_FUNCTION = YES;
				GCC_WARN_UNUSED_VARIABLE = YES;
				IPHONEOS_DEPLOYMENT_TARGET = 9.3;
				MTL_ENABLE_DEBUG_INFO = YES;
				ONLY_ACTIVE_ARCH = YES;
				SDKROOT = iphoneos;
				SWIFT_OPTIMIZATION_LEVEL = "-Onone";
			};
			name = Debug;
		};
		5B656F651D1A828F005DC5A2 /* Release */ = {
			isa = XCBuildConfiguration;
			buildSettings = {
				ALWAYS_SEARCH_USER_PATHS = NO;
				CLANG_ANALYZER_NONNULL = YES;
				CLANG_CXX_LANGUAGE_STANDARD = "gnu++0x";
				CLANG_CXX_LIBRARY = "libc++";
				CLANG_ENABLE_MODULES = YES;
				CLANG_ENABLE_OBJC_ARC = YES;
				CLANG_WARN_BOOL_CONVERSION = YES;
				CLANG_WARN_CONSTANT_CONVERSION = YES;
				CLANG_WARN_DIRECT_OBJC_ISA_USAGE = YES_ERROR;
				CLANG_WARN_EMPTY_BODY = YES;
				CLANG_WARN_ENUM_CONVERSION = YES;
				CLANG_WARN_INT_CONVERSION = YES;
				CLANG_WARN_OBJC_ROOT_CLASS = YES_ERROR;
				CLANG_WARN_UNREACHABLE_CODE = YES;
				CLANG_WARN__DUPLICATE_METHOD_MATCH = YES;
				"CODE_SIGN_IDENTITY[sdk=iphoneos*]" = "iPhone Developer";
				COPY_PHASE_STRIP = NO;
				DEBUG_INFORMATION_FORMAT = "dwarf-with-dsym";
				ENABLE_NS_ASSERTIONS = NO;
				ENABLE_STRICT_OBJC_MSGSEND = YES;
				GCC_C_LANGUAGE_STANDARD = gnu99;
				GCC_NO_COMMON_BLOCKS = YES;
				GCC_WARN_64_TO_32_BIT_CONVERSION = YES;
				GCC_WARN_ABOUT_RETURN_TYPE = YES_ERROR;
				GCC_WARN_UNDECLARED_SELECTOR = YES;
				GCC_WARN_UNINITIALIZED_AUTOS = YES_AGGRESSIVE;
				GCC_WARN_UNUSED_FUNCTION = YES;
				GCC_WARN_UNUSED_VARIABLE = YES;
				IPHONEOS_DEPLOYMENT_TARGET = 9.3;
				MTL_ENABLE_DEBUG_INFO = NO;
				SDKROOT = iphoneos;
				VALIDATE_PRODUCT = YES;
			};
			name = Release;
		};
		5B656F671D1A828F005DC5A2 /* Debug */ = {
			isa = XCBuildConfiguration;
			buildSettings = {
				ASSETCATALOG_COMPILER_APPICON_NAME = AppIcon;
				CODE_SIGN_IDENTITY = "iPhone Developer";
				"CODE_SIGN_IDENTITY[sdk=iphoneos*]" = "iPhone Developer";
				INFOPLIST_FILE = ForceTouchSample/Info.plist;
				LD_RUNPATH_SEARCH_PATHS = "$(inherited) @executable_path/Frameworks";
				PRODUCT_BUNDLE_IDENTIFIER = tchiba.ForceTouchSample;
				PRODUCT_NAME = "$(TARGET_NAME)";
				PROVISIONING_PROFILE = "";
			};
			name = Debug;
		};
		5B656F681D1A828F005DC5A2 /* Release */ = {
			isa = XCBuildConfiguration;
			buildSettings = {
				ASSETCATALOG_COMPILER_APPICON_NAME = AppIcon;
				CODE_SIGN_IDENTITY = "iPhone Developer";
				"CODE_SIGN_IDENTITY[sdk=iphoneos*]" = "iPhone Developer";
				INFOPLIST_FILE = ForceTouchSample/Info.plist;
				LD_RUNPATH_SEARCH_PATHS = "$(inherited) @executable_path/Frameworks";
				PRODUCT_BUNDLE_IDENTIFIER = tchiba.ForceTouchSample;
				PRODUCT_NAME = "$(TARGET_NAME)";
				PROVISIONING_PROFILE = "";
			};
			name = Release;
		};
/* End XCBuildConfiguration section */

/* Begin XCConfigurationList section */
		5B656F4F1D1A828F005DC5A2 /* Build configuration list for PBXProject "ForceTouchSample" */ = {
			isa = XCConfigurationList;
			buildConfigurations = (
				5B656F641D1A828F005DC5A2 /* Debug */,
				5B656F651D1A828F005DC5A2 /* Release */,
			);
			defaultConfigurationIsVisible = 0;
			defaultConfigurationName = Release;
		};
		5B656F661D1A828F005DC5A2 /* Build configuration list for PBXNativeTarget "ForceTouchSample" */ = {
			isa = XCConfigurationList;
			buildConfigurations = (
				5B656F671D1A828F005DC5A2 /* Debug */,
				5B656F681D1A828F005DC5A2 /* Release */,
			);
			defaultConfigurationIsVisible = 0;
			defaultConfigurationName = Release;
		};
/* End XCConfigurationList section */
	};
	rootObject = 5B656F4C1D1A828F005DC5A2 /* Project object */;
}
